# THIS IS AN AUTOGENERATED FILE. DO NOT EDIT THIS FILE DIRECTLY.
# yarn lockfile v1


"@rdfjs/types@*":
  version "1.1.0"
  resolved "https://registry.yarnpkg.com/@rdfjs/types/-/types-1.1.0.tgz#098f180b7cccb03bb416c7b4d03baaa9d480e36b"
  integrity sha512-5zm8bN2/CC634dTcn/0AhTRLaQRjXDZs3QfcAsQKNturHT7XVWcKy/8p3P5gXl+YkZTAmy7T5M/LyiT/jbkENw==
  dependencies:
    "@types/node" "*"

"@types/node@*":
  version "20.3.1"
  resolved "https://registry.yarnpkg.com/@types/node/-/node-20.3.1.tgz#e8a83f1aa8b649377bb1fb5d7bac5cb90e784dfe"
  integrity sha512-EhcH/wvidPy1WeML3TtYFGR83UzjxeWRen9V402T8aUGYsCHOmfoisV3ZSg03gAFIbLq8TnWOJ0f4cALtnSEUg==

asynciterator@^3.8.0:
  version "3.8.0"
  resolved "https://registry.yarnpkg.com/asynciterator/-/asynciterator-3.8.0.tgz#d9246a3d39ce2a9e4b020834d7f352adf35b49d8"
  integrity sha512-bD34LqKHJnkB77MHjL3hOAUOcy9dbB+3lHvL+EiJpD3k2Nyq3i1dCk5adMisB2rwlrHVu/+XRhOdPZL9hzpsfw==

rdf-data-factory@^1.1.0, rdf-data-factory@^1.1.1:
  version "1.1.1"
  resolved "https://registry.yarnpkg.com/rdf-data-factory/-/rdf-data-factory-1.1.1.tgz#370142794e2299846896e9c0fafd35e5128c8e5f"
  integrity sha512-0HoLx7lbBlNd2YTmNKin0txgiYmAV56eVU823at8cG2+iD0Ia5kcRNDpzZy6I/HCtFTymHvTfdhHTzm3ak3Jpw==
  dependencies:
    "@rdfjs/types" "*"

rdf-stores@^1.0.0-beta.2:
  version "1.0.0-beta.2"
  resolved "https://registry.yarnpkg.com/rdf-stores/-/rdf-stores-1.0.0-beta.2.tgz#81f29b4fa94cfc0ccdc2d484df2976ff2da8c3fd"
  integrity sha512-8OCMghQ6EkGGICmMdSzrUDfFtnookp+f0VtQRCKOqqnle+NNJQwlQh+FC4dR1lQPqUs7Cvd1voG1+VK79AOwXg==
  dependencies:
    "@rdfjs/types" "*"
    asynciterator "^3.8.0"
    rdf-data-factory "^1.1.1"
    rdf-string "^1.6.2"
    rdf-terms "^1.9.1"

rdf-string@^1.6.0, rdf-string@^1.6.2:
  version "1.6.3"
  resolved "https://registry.yarnpkg.com/rdf-string/-/rdf-string-1.6.3.tgz#5c3173fad13e6328698277fb8ff151e3423282ab"
  integrity sha512-HIVwQ2gOqf+ObsCLSUAGFZMIl3rh9uGcRf1KbM85UDhKqP+hy6qj7Vz8FKt3GA54RiThqK3mNcr66dm1LP0+6g==
  dependencies:
    "@rdfjs/types" "*"
    rdf-data-factory "^1.1.0"

rdf-terms@^1.9.1:
  version "1.9.1"
  resolved "https://registry.yarnpkg.com/rdf-terms/-/rdf-terms-1.9.1.tgz#5f66a773d4b2fe6e071ebc8a2985beff7e0dfd7f"
  integrity sha512-GrE8CbQSvuVEFRCywMu6VOgV1AFE6X+nFYcAhEc5pwYKI13bUvz4voiVufQiy3V8rzQKu21Sgl+dS2qcJavy7w==
  dependencies:
    "@rdfjs/types" "*"
    rdf-data-factory "^1.1.0"
    rdf-string "^1.6.0"
